// !$*UTF8*$!
{
	archiveVersion = 1;
	classes = {
	};
	objectVersion = 56;
	objects = {

/* Begin PBXBuildFile section */
		3539B9CA2C789EE3002FBFCE /* WheelNGApp.swift in Sources */ = {isa = PBXBuildFile; fileRef = 3539B9C92C789EE3002FBFCE /* WheelNGApp.swift */; };
		3539B9CE2C789EE4002FBFCE /* Assets.xcassets in Resources */ = {isa = PBXBuildFile; fileRef = 3539B9CD2C789EE4002FBFCE /* Assets.xcassets */; };
		3539B9D12C789EE4002FBFCE /* Preview Assets.xcassets in Resources */ = {isa = PBXBuildFile; fileRef = 3539B9D02C789EE4002FBFCE /* Preview Assets.xcassets */; };
		3539B9DB2C789EE4002FBFCE /* WheelNGTests.swift in Sources */ = {isa = PBXBuildFile; fileRef = 3539B9DA2C789EE4002FBFCE /* WheelNGTests.swift */; };
		3539B9E52C789EE4002FBFCE /* WheelNGUITests.swift in Sources */ = {isa = PBXBuildFile; fileRef = 3539B9E42C789EE4002FBFCE /* WheelNGUITests.swift */; };
		3539B9E72C789EE4002FBFCE /* WheelNGUITestsLaunchTests.swift in Sources */ = {isa = PBXBuildFile; fileRef = 3539B9E62C789EE4002FBFCE /* WheelNGUITestsLaunchTests.swift */; };
		3539B9F42C789F34002FBFCE /* MotionManager.swift in Sources */ = {isa = PBXBuildFile; fileRef = 3539B9F32C789F34002FBFCE /* MotionManager.swift */; };
		3539BA2F2C78CEB0002FBFCE /* HapticFeedback.swift in Sources */ = {isa = PBXBuildFile; fileRef = 3539BA2E2C78CEB0002FBFCE /* HapticFeedback.swift */; };
		3539BA312C78D1AC002FBFCE /* ContentView.swift in Sources */ = {isa = PBXBuildFile; fileRef = 3539B9CB2C789EE3002FBFCE /* ContentView.swift */; };
/* End PBXBuildFile section */

/* Begin PBXContainerItemProxy section */
		3539B9D72C789EE4002FBFCE /* PBXContainerItemProxy */ = {
			isa = PBXContainerItemProxy;
			containerPortal = 3539B9BE2C789EE3002FBFCE /* Project object */;
			proxyType = 1;
			remoteGlobalIDString = 3539B9C52C789EE3002FBFCE;
			remoteInfo = WheelNG;
		};
		3539B9E12C789EE4002FBFCE /* PBXContainerItemProxy */ = {
			isa = PBXContainerItemProxy;
			containerPortal = 3539B9BE2C789EE3002FBFCE /* Project object */;
			proxyType = 1;
			remoteGlobalIDString = 3539B9C52C789EE3002FBFCE;
			remoteInfo = WheelNG;
		};
/* End PBXContainerItemProxy section */

/* Begin PBXFileReference section */
		3539B9C62C789EE3002FBFCE /* WheelNG.app */ = {isa = PBXFileReference; explicitFileType = wrapper.application; includeInIndex = 0; path = WheelNG.app; sourceTree = BUILT_PRODUCTS_DIR; };
		3539B9C92C789EE3002FBFCE /* WheelNGApp.swift */ = {isa = PBXFileReference; lastKnownFileType = sourcecode.swift; path = WheelNGApp.swift; sourceTree = "<group>"; };
		3539B9CB2C789EE3002FBFCE /* ContentView.swift */ = {isa = PBXFileReference; lastKnownFileType = sourcecode.swift; path = ContentView.swift; sourceTree = "<group>"; };
		3539B9CD2C789EE4002FBFCE /* Assets.xcassets */ = {isa = PBXFileReference; lastKnownFileType = folder.assetcatalog; path = Assets.xcassets; sourceTree = "<group>"; };
		3539B9D02C789EE4002FBFCE /* Preview Assets.xcassets */ = {isa = PBXFileReference; lastKnownFileType = folder.assetcatalog; path = "Preview Assets.xcassets"; sourceTree = "<group>"; };
		3539B9D62C789EE4002FBFCE /* WheelNGTests.xctest */ = {isa = PBXFileReference; explicitFileType = wrapper.cfbundle; includeInIndex = 0; path = WheelNGTests.xctest; sourceTree = BUILT_PRODUCTS_DIR; };
		3539B9DA2C789EE4002FBFCE /* WheelNGTests.swift */ = {isa = PBXFileReference; lastKnownFileType = sourcecode.swift; path = WheelNGTests.swift; sourceTree = "<group>"; };
		3539B9E02C789EE4002FBFCE /* WheelNGUITests.xctest */ = {isa = PBXFileReference; explicitFileType = wrapper.cfbundle; includeInIndex = 0; path = WheelNGUITests.xctest; sourceTree = BUILT_PRODUCTS_DIR; };
		3539B9E42C789EE4002FBFCE /* WheelNGUITests.swift */ = {isa = PBXFileReference; lastKnownFileType = sourcecode.swift; path = WheelNGUITests.swift; sourceTree = "<group>"; };
		3539B9E62C789EE4002FBFCE /* WheelNGUITestsLaunchTests.swift */ = {isa = PBXFileReference; lastKnownFileType = sourcecode.swift; path = WheelNGUITestsLaunchTests.swift; sourceTree = "<group>"; };
		3539B9F32C789F34002FBFCE /* MotionManager.swift */ = {isa = PBXFileReference; lastKnownFileType = sourcecode.swift; path = MotionManager.swift; sourceTree = "<group>"; };
		3539BA2E2C78CEB0002FBFCE /* HapticFeedback.swift */ = {isa = PBXFileReference; lastKnownFileType = sourcecode.swift; path = HapticFeedback.swift; sourceTree = "<group>"; };
/* End PBXFileReference section */

/* Begin PBXFrameworksBuildPhase section */
		3539B9C32C789EE3002FBFCE /* Frameworks */ = {
			isa = PBXFrameworksBuildPhase;
			buildActionMask = 2147483647;
			files = (
			);
			runOnlyForDeploymentPostprocessing = 0;
		};
		3539B9D32C789EE4002FBFCE /* Frameworks */ = {
			isa = PBXFrameworksBuildPhase;
			buildActionMask = 2147483647;
			files = (
			);
			runOnlyForDeploymentPostprocessing = 0;
		};
		3539B9DD2C789EE4002FBFCE /* Frameworks */ = {
			isa = PBXFrameworksBuildPhase;
			buildActionMask = 2147483647;
			files = (
			);
			runOnlyForDeploymentPostprocessing = 0;
		};
/* End PBXFrameworksBuildPhase section */

/* Begin PBXGroup section */
		3539B9BD2C789EE3002FBFCE = {
			isa = PBXGroup;
			children = (
				3539B9C82C789EE3002FBFCE /* WheelNG */,
				3539B9D92C789EE4002FBFCE /* WheelNGTests */,
				3539B9E32C789EE4002FBFCE /* WheelNGUITests */,
				3539B9C72C789EE3002FBFCE /* Products */,
			);
			sourceTree = "<group>";
		};
		3539B9C72C789EE3002FBFCE /* Products */ = {
			isa = PBXGroup;
			children = (
				3539B9C62C789EE3002FBFCE /* WheelNG.app */,
				3539B9D62C789EE4002FBFCE /* WheelNGTests.xctest */,
				3539B9E02C789EE4002FBFCE /* WheelNGUITests.xctest */,
			);
			name = Products;
			sourceTree = "<group>";
		};
		3539B9C82C789EE3002FBFCE /* WheelNG */ = {
			isa = PBXGroup;
			children = (
				3539B9C92C789EE3002FBFCE /* WheelNGApp.swift */,
				3539B9F32C789F34002FBFCE /* MotionManager.swift */,
				3539B9CB2C789EE3002FBFCE /* ContentView.swift */,
				3539BA2E2C78CEB0002FBFCE /* HapticFeedback.swift */,
				3539B9CD2C789EE4002FBFCE /* Assets.xcassets */,
				3539B9CF2C789EE4002FBFCE /* Preview Content */,
			);
			path = WheelNG;
			sourceTree = "<group>";
		};
		3539B9CF2C789EE4002FBFCE /* Preview Content */ = {
			isa = PBXGroup;
			children = (
				3539B9D02C789EE4002FBFCE /* Preview Assets.xcassets */,
			);
			path = "Preview Content";
			sourceTree = "<group>";
		};
		3539B9D92C789EE4002FBFCE /* WheelNGTests */ = {
			isa = PBXGroup;
			children = (
				3539B9DA2C789EE4002FBFCE /* WheelNGTests.swift */,
			);
			path = WheelNGTests;
			sourceTree = "<group>";
		};
		3539B9E32C789EE4002FBFCE /* WheelNGUITests */ = {
			isa = PBXGroup;
			children = (
				3539B9E42C789EE4002FBFCE /* WheelNGUITests.swift */,
				3539B9E62C789EE4002FBFCE /* WheelNGUITestsLaunchTests.swift */,
			);
			path = WheelNGUITests;
			sourceTree = "<group>";
		};
/* End PBXGroup section */

/* Begin PBXNativeTarget section */
		3539B9C52C789EE3002FBFCE /* WheelNG */ = {
			isa = PBXNativeTarget;
			buildConfigurationList = 3539B9EA2C789EE4002FBFCE /* Build configuration list for PBXNativeTarget "WheelNG" */;
			buildPhases = (
				3539B9C22C789EE3002FBFCE /* Sources */,
				3539B9C32C789EE3002FBFCE /* Frameworks */,
				3539B9C42C789EE3002FBFCE /* Resources */,
			);
			buildRules = (
			);
			dependencies = (
			);
			name = WheelNG;
			productName = WheelNG;
			productReference = 3539B9C62C789EE3002FBFCE /* WheelNG.app */;
			productType = "com.apple.product-type.application";
		};
		3539B9D52C789EE4002FBFCE /* WheelNGTests */ = {
			isa = PBXNativeTarget;
			buildConfigurationList = 3539B9ED2C789EE4002FBFCE /* Build configuration list for PBXNativeTarget "WheelNGTests" */;
			buildPhases = (
				3539B9D22C789EE4002FBFCE /* Sources */,
				3539B9D32C789EE4002FBFCE /* Frameworks */,
				3539B9D42C789EE4002FBFCE /* Resources */,
			);
			buildRules = (
			);
			dependencies = (
				3539B9D82C789EE4002FBFCE /* PBXTargetDependency */,
			);
			name = WheelNGTests;
			productName = WheelNGTests;
			productReference = 3539B9D62C789EE4002FBFCE /* WheelNGTests.xctest */;
			productType = "com.apple.product-type.bundle.unit-test";
		};
		3539B9DF2C789EE4002FBFCE /* WheelNGUITests */ = {
			isa = PBXNativeTarget;
			buildConfigurationList = 3539B9F02C789EE4002FBFCE /* Build configuration list for PBXNativeTarget "WheelNGUITests" */;
			buildPhases = (
				3539B9DC2C789EE4002FBFCE /* Sources */,
				3539B9DD2C789EE4002FBFCE /* Frameworks */,
				3539B9DE2C789EE4002FBFCE /* Resources */,
			);
			buildRules = (
			);
			dependencies = (
				3539B9E22C789EE4002FBFCE /* PBXTargetDependency */,
			);
			name = WheelNGUITests;
			productName = WheelNGUITests;
			productReference = 3539B9E02C789EE4002FBFCE /* WheelNGUITests.xctest */;
			productType = "com.apple.product-type.bundle.ui-testing";
		};
/* End PBXNativeTarget section */

/* Begin PBXProject section */
		3539B9BE2C789EE3002FBFCE /* Project object */ = {
			isa = PBXProject;
			attributes = {
				BuildIndependentTargetsInParallel = 1;
				LastSwiftUpdateCheck = 1540;
				LastUpgradeCheck = 1540;
				TargetAttributes = {
					3539B9C52C789EE3002FBFCE = {
						CreatedOnToolsVersion = 15.4;
					};
					3539B9D52C789EE4002FBFCE = {
						CreatedOnToolsVersion = 15.4;
						TestTargetID = 3539B9C52C789EE3002FBFCE;
					};
					3539B9DF2C789EE4002FBFCE = {
						CreatedOnToolsVersion = 15.4;
						TestTargetID = 3539B9C52C789EE3002FBFCE;
					};
				};
			};
			buildConfigurationList = 3539B9C12C789EE3002FBFCE /* Build configuration list for PBXProject "WheelNG" */;
			compatibilityVersion = "Xcode 14.0";
			developmentRegion = en;
			hasScannedForEncodings = 0;
			knownRegions = (
				en,
				Base,
			);
			mainGroup = 3539B9BD2C789EE3002FBFCE;
			productRefGroup = 3539B9C72C789EE3002FBFCE /* Products */;
			projectDirPath = "";
			projectRoot = "";
			targets = (
				3539B9C52C789EE3002FBFCE /* WheelNG */,
				3539B9D52C789EE4002FBFCE /* WheelNGTests */,
				3539B9DF2C789EE4002FBFCE /* WheelNGUITests */,
			);
		};
/* End PBXProject section */

/* Begin PBXResourcesBuildPhase section */
		3539B9C42C789EE3002FBFCE /* Resources */ = {
			isa = PBXResourcesBuildPhase;
			buildActionMask = 2147483647;
			files = (
				3539B9D12C789EE4002FBFCE /* Preview Assets.xcassets in Resources */,
				3539B9CE2C789EE4002FBFCE /* Assets.xcassets in Resources */,
			);
			runOnlyForDeploymentPostprocessing = 0;
		};
		3539B9D42C789EE4002FBFCE /* Resources */ = {
			isa = PBXResourcesBuildPhase;
			buildActionMask = 2147483647;
			files = (
			);
			runOnlyForDeploymentPostprocessing = 0;
		};
		3539B9DE2C789EE4002FBFCE /* Resources */ = {
			isa = PBXResourcesBuildPhase;
			buildActionMask = 2147483647;
			files = (
			);
			runOnlyForDeploymentPostprocessing = 0;
		};
/* End PBXResourcesBuildPhase section */

/* Begin PBXSourcesBuildPhase section */
		3539B9C22C789EE3002FBFCE /* Sources */ = {
			isa = PBXSourcesBuildPhase;
			buildActionMask = 2147483647;
			files = (
				3539B9F42C789F34002FBFCE /* MotionManager.swift in Sources */,
				3539BA2F2C78CEB0002FBFCE /* HapticFeedback.swift in Sources */,
				3539BA312C78D1AC002FBFCE /* ContentView.swift in Sources */,
				3539B9CA2C789EE3002FBFCE /* WheelNGApp.swift in Sources */,
			);
			runOnlyForDeploymentPostprocessing = 0;
		};
		3539B9D22C789EE4002FBFCE /* Sources */ = {
			isa = PBXSourcesBuildPhase;
			buildActionMask = 2147483647;
			files = (
				3539B9DB2C789EE4002FBFCE /* WheelNGTests.swift in Sources */,
			);
			runOnlyForDeploymentPostprocessing = 0;
		};
		3539B9DC2C789EE4002FBFCE /* Sources */ = {
			isa = PBXSourcesBuildPhase;
			buildActionMask = 2147483647;
			files = (
				3539B9E52C789EE4002FBFCE /* WheelNGUITests.swift in Sources */,
				3539B9E72C789EE4002FBFCE /* WheelNGUITestsLaunchTests.swift in Sources */,
			);
			runOnlyForDeploymentPostprocessing = 0;
		};
/* End PBXSourcesBuildPhase section */

/* Begin PBXTargetDependency section */
		3539B9D82C789EE4002FBFCE /* PBXTargetDependency */ = {
			isa = PBXTargetDependency;
			target = 3539B9C52C789EE3002FBFCE /* WheelNG */;
			targetProxy = 3539B9D72C789EE4002FBFCE /* PBXContainerItemProxy */;
		};
		3539B9E22C789EE4002FBFCE /* PBXTargetDependency */ = {
			isa = PBXTargetDependency;
			target = 3539B9C52C789EE3002FBFCE /* WheelNG */;
			targetProxy = 3539B9E12C789EE4002FBFCE /* PBXContainerItemProxy */;
		};
/* End PBXTargetDependency section */

/* Begin XCBuildConfiguration section */
		3539B9E82C789EE4002FBFCE /* Debug */ = {
			isa = XCBuildConfiguration;
			buildSettings = {
				ALWAYS_SEARCH_USER_PATHS = NO;
				ASSETCATALOG_COMPILER_GENERATE_SWIFT_ASSET_SYMBOL_EXTENSIONS = YES;
				CLANG_ANALYZER_NONNULL = YES;
				CLANG_ANALYZER_NUMBER_OBJECT_CONVERSION = YES_AGGRESSIVE;
				CLANG_CXX_LANGUAGE_STANDARD = "gnu++20";
				CLANG_ENABLE_MODULES = YES;
				CLANG_ENABLE_OBJC_ARC = YES;
				CLANG_ENABLE_OBJC_WEAK = YES;
				CLANG_WARN_BLOCK_CAPTURE_AUTORELEASING = YES;
				CLANG_WARN_BOOL_CONVERSION = YES;
				CLANG_WARN_COMMA = YES;
				CLANG_WARN_CONSTANT_CONVERSION = YES;
				CLANG_WARN_DEPRECATED_OBJC_IMPLEMENTATIONS = YES;
				CLANG_WARN_DIRECT_OBJC_ISA_USAGE = YES_ERROR;
				CLANG_WARN_DOCUMENTATION_COMMENTS = YES;
				CLANG_WARN_EMPTY_BODY = YES;
				CLANG_WARN_ENUM_CONVERSION = YES;
				CLANG_WARN_INFINITE_RECURSION = YES;
				CLANG_WARN_INT_CONVERSION = YES;
				CLANG_WARN_NON_LITERAL_NULL_CONVERSION = YES;
				CLANG_WARN_OBJC_IMPLICIT_RETAIN_SELF = YES;
				CLANG_WARN_OBJC_LITERAL_CONVERSION = YES;
				CLANG_WARN_OBJC_ROOT_CLASS = YES_ERROR;
				CLANG_WARN_QUOTED_INCLUDE_IN_FRAMEWORK_HEADER = YES;
				CLANG_WARN_RANGE_LOOP_ANALYSIS = YES;
				CLANG_WARN_STRICT_PROTOTYPES = YES;
				CLANG_WARN_SUSPICIOUS_MOVE = YES;
				CLANG_WARN_UNGUARDED_AVAILABILITY = YES_AGGRESSIVE;
				CLANG_WARN_UNREACHABLE_CODE = YES;
				CLANG_WARN__DUPLICATE_METHOD_MATCH = YES;
				COPY_PHASE_STRIP = NO;
				DEBUG_INFORMATION_FORMAT = dwarf;
				ENABLE_STRICT_OBJC_MSGSEND = YES;
				ENABLE_TESTABILITY = YES;
				ENABLE_USER_SCRIPT_SANDBOXING = YES;
				GCC_C_LANGUAGE_STANDARD = gnu17;
				GCC_DYNAMIC_NO_PIC = NO;
				GCC_NO_COMMON_BLOCKS = YES;
				GCC_OPTIMIZATION_LEVEL = 0;
				GCC_PREPROCESSOR_DEFINITIONS = (
					"DEBUG=1",
					"$(inherited)",
				);
				GCC_WARN_64_TO_32_BIT_CONVERSION = YES;
				GCC_WARN_ABOUT_RETURN_TYPE = YES_ERROR;
				GCC_WARN_UNDECLARED_SELECTOR = YES;
				GCC_WARN_UNINITIALIZED_AUTOS = YES_AGGRESSIVE;
				GCC_WARN_UNUSED_FUNCTION = YES;
				GCC_WARN_UNUSED_VARIABLE = YES;
				IPHONEOS_DEPLOYMENT_TARGET = 17.5;
				LOCALIZATION_PREFERS_STRING_CATALOGS = YES;
				MTL_ENABLE_DEBUG_INFO = INCLUDE_SOURCE;
				MTL_FAST_MATH = YES;
				ONLY_ACTIVE_ARCH = YES;
				SDKROOT = iphoneos;
				SWIFT_ACTIVE_COMPILATION_CONDITIONS = "DEBUG $(inherited)";
				SWIFT_OPTIMIZATION_LEVEL = "-Onone";
			};
			name = Debug;
		};
		3539B9E92C789EE4002FBFCE /* Release */ = {
			isa = XCBuildConfiguration;
			buildSettings = {
				ALWAYS_SEARCH_USER_PATHS = NO;
				ASSETCATALOG_COMPILER_GENERATE_SWIFT_ASSET_SYMBOL_EXTENSIONS = YES;
				CLANG_ANALYZER_NONNULL = YES;
				CLANG_ANALYZER_NUMBER_OBJECT_CONVERSION = YES_AGGRESSIVE;
				CLANG_CXX_LANGUAGE_STANDARD = "gnu++20";
				CLANG_ENABLE_MODULES = YES;
				CLANG_ENABLE_OBJC_ARC = YES;
				CLANG_ENABLE_OBJC_WEAK = YES;
				CLANG_WARN_BLOCK_CAPTURE_AUTORELEASING = YES;
				CLANG_WARN_BOOL_CONVERSION = YES;
				CLANG_WARN_COMMA = YES;
				CLANG_WARN_CONSTANT_CONVERSION = YES;
				CLANG_WARN_DEPRECATED_OBJC_IMPLEMENTATIONS = YES;
				CLANG_WARN_DIRECT_OBJC_ISA_USAGE = YES_ERROR;
				CLANG_WARN_DOCUMENTATION_COMMENTS = YES;
				CLANG_WARN_EMPTY_BODY = YES;
				CLANG_WARN_ENUM_CONVERSION = YES;
				CLANG_WARN_INFINITE_RECURSION = YES;
				CLANG_WARN_INT_CONVERSION = YES;
				CLANG_WARN_NON_LITERAL_NULL_CONVERSION = YES;
				CLANG_WARN_OBJC_IMPLICIT_RETAIN_SELF = YES;
				CLANG_WARN_OBJC_LITERAL_CONVERSION = YES;
				CLANG_WARN_OBJC_ROOT_CLASS = YES_ERROR;
				CLANG_WARN_QUOTED_INCLUDE_IN_FRAMEWORK_HEADER = YES;
				CLANG_WARN_RANGE_LOOP_ANALYSIS = YES;
				CLANG_WARN_STRICT_PROTOTYPES = YES;
				CLANG_WARN_SUSPICIOUS_MOVE = YES;
				CLANG_WARN_UNGUARDED_AVAILABILITY = YES_AGGRESSIVE;
				CLANG_WARN_UNREACHABLE_CODE = YES;
				CLANG_WARN__DUPLICATE_METHOD_MATCH = YES;
				COPY_PHASE_STRIP = NO;
				DEBUG_INFORMATION_FORMAT = "dwarf-with-dsym";
				ENABLE_NS_ASSERTIONS = NO;
				ENABLE_STRICT_OBJC_MSGSEND = YES;
				ENABLE_USER_SCRIPT_SANDBOXING = YES;
				GCC_C_LANGUAGE_STANDARD = gnu17;
				GCC_NO_COMMON_BLOCKS = YES;
				GCC_WARN_64_TO_32_BIT_CONVERSION = YES;
				GCC_WARN_ABOUT_RETURN_TYPE = YES_ERROR;
				GCC_WARN_UNDECLARED_SELECTOR = YES;
				GCC_WARN_UNINITIALIZED_AUTOS = YES_AGGRESSIVE;
				GCC_WARN_UNUSED_FUNCTION = YES;
				GCC_WARN_UNUSED_VARIABLE = YES;
				IPHONEOS_DEPLOYMENT_TARGET = 17.5;
				LOCALIZATION_PREFERS_STRING_CATALOGS = YES;
				MTL_ENABLE_DEBUG_INFO = NO;
				MTL_FAST_MATH = YES;
				SDKROOT = iphoneos;
				SWIFT_COMPILATION_MODE = wholemodule;
				VALIDATE_PRODUCT = YES;
			};
			name = Release;
		};
		3539B9EB2C789EE4002FBFCE /* Debug */ = {
			isa = XCBuildConfiguration;
			buildSettings = {
				ASSETCATALOG_COMPILER_APPICON_NAME = AppIcon;
				ASSETCATALOG_COMPILER_GLOBAL_ACCENT_COLOR_NAME = AccentColor;
				CODE_SIGN_STYLE = Automatic;
				CURRENT_PROJECT_VERSION = 1;
				DEVELOPMENT_ASSET_PATHS = "\"WheelNG/Preview Content\"";
				DEVELOPMENT_TEAM = Z64L7GR687;
				ENABLE_PREVIEWS = YES;
				GENERATE_INFOPLIST_FILE = YES;
				INFOPLIST_KEY_LSApplicationCategoryType = "public.app-category.utilities";
				INFOPLIST_KEY_NSCameraUsageDescription = "Used for QR scanner\n";
				INFOPLIST_KEY_NSMotionUsageDescription = "Used for vehicle steering ";
				INFOPLIST_KEY_UIApplicationSceneManifest_Generation = YES;
				INFOPLIST_KEY_UIApplicationSupportsIndirectInputEvents = YES;
				INFOPLIST_KEY_UILaunchScreen_Generation = YES;
				INFOPLIST_KEY_UISupportedInterfaceOrientations = "UIInterfaceOrientationLandscapeLeft UIInterfaceOrientationLandscapeRight";
				INFOPLIST_KEY_UISupportedInterfaceOrientations_iPad = "UIInterfaceOrientationLandscapeLeft UIInterfaceOrientationLandscapeRight UIInterfaceOrientationPortrait UIInterfaceOrientationPortraitUpsideDown";
				LD_RUNPATH_SEARCH_PATHS = (
					"$(inherited)",
					"@executable_path/Frameworks",
				);
				MARKETING_VERSION = 1.0;
				PRODUCT_BUNDLE_IDENTIFIER = com.richies3s.WheelNG;
				PRODUCT_NAME = WheelNG;
				SUPPORTED_PLATFORMS = "iphoneos iphonesimulator";
				SUPPORTS_MACCATALYST = NO;
				SUPPORTS_MAC_DESIGNED_FOR_IPHONE_IPAD = NO;
				SUPPORTS_XR_DESIGNED_FOR_IPHONE_IPAD = NO;
				SWIFT_EMIT_LOC_STRINGS = YES;
				SWIFT_VERSION = 5.0;
				TARGETED_DEVICE_FAMILY = "1,2";
			};
			name = Debug;
		};
		3539B9EC2C789EE4002FBFCE /* Release */ = {
			isa = XCBuildConfiguration;
			buildSettings = {
				ASSETCATALOG_COMPILER_APPICON_NAME = AppIcon;
				ASSETCATALOG_COMPILER_GLOBAL_ACCENT_COLOR_NAME = AccentColor;
				CODE_SIGN_STYLE = Automatic;
				CURRENT_PROJECT_VERSION = 1;
				DEVELOPMENT_ASSET_PATHS = "\"WheelNG/Preview Content\"";
				DEVELOPMENT_TEAM = Z64L7GR687;
				ENABLE_PREVIEWS = YES;
				GENERATE_INFOPLIST_FILE = YES;
				INFOPLIST_KEY_LSApplicationCategoryType = "public.app-category.utilities";
				INFOPLIST_KEY_NSCameraUsageDescription = "Used for QR scanner\n";
				INFOPLIST_KEY_NSMotionUsageDescription = "Used for vehicle steering ";
				INFOPLIST_KEY_UIApplicationSceneManifest_Generation = YES;
				INFOPLIST_KEY_UIApplicationSupportsIndirectInputEvents = YES;
				INFOPLIST_KEY_UILaunchScreen_Generation = YES;
				INFOPLIST_KEY_UISupportedInterfaceOrientations = "UIInterfaceOrientationLandscapeLeft UIInterfaceOrientationLandscapeRight";
				INFOPLIST_KEY_UISupportedInterfaceOrientations_iPad = "UIInterfaceOrientationLandscapeLeft UIInterfaceOrientationLandscapeRight UIInterfaceOrientationPortrait UIInterfaceOrientationPortraitUpsideDown";
				LD_RUNPATH_SEARCH_PATHS = (
					"$(inherited)",
					"@executable_path/Frameworks",
				);
				MARKETING_VERSION = 1.0;
				PRODUCT_BUNDLE_IDENTIFIER = com.richies3s.WheelNG;
				PRODUCT_NAME = WheelNG;
				SUPPORTED_PLATFORMS = "iphoneos iphonesimulator";
				SUPPORTS_MACCATALYST = NO;
				SUPPORTS_MAC_DESIGNED_FOR_IPHONE_IPAD = NO;
				SUPPORTS_XR_DESIGNED_FOR_IPHONE_IPAD = NO;
				SWIFT_EMIT_LOC_STRINGS = YES;
				SWIFT_VERSION = 5.0;
				TARGETED_DEVICE_FAMILY = "1,2";
			};
			name = Release;
		};
		3539B9EE2C789EE4002FBFCE /* Debug */ = {
			isa = XCBuildConfiguration;
			buildSettings = {
				ALWAYS_EMBED_SWIFT_STANDARD_LIBRARIES = YES;
				BUNDLE_LOADER = "$(TEST_HOST)";
				CODE_SIGN_STYLE = Automatic;
				CURRENT_PROJECT_VERSION = 1;
				DEVELOPMENT_TEAM = Z64L7GR687;
				GENERATE_INFOPLIST_FILE = YES;
				IPHONEOS_DEPLOYMENT_TARGET = 17.5;
				MARKETING_VERSION = 1.0;
				PRODUCT_BUNDLE_IDENTIFIER = com.richies3d.WheelNGTests;
				PRODUCT_NAME = "$(TARGET_NAME)";
				SWIFT_EMIT_LOC_STRINGS = NO;
				SWIFT_VERSION = 5.0;
				TARGETED_DEVICE_FAMILY = "1,2";
				TEST_HOST = "$(BUILT_PRODUCTS_DIR)/WheelNG.app/$(BUNDLE_EXECUTABLE_FOLDER_PATH)/WheelNG";
			};
			name = Debug;
		};
		3539B9EF2C789EE4002FBFCE /* Release */ = {
			isa = XCBuildConfiguration;
			buildSettings = {
				ALWAYS_EMBED_SWIFT_STANDARD_LIBRARIES = YES;
				BUNDLE_LOADER = "$(TEST_HOST)";
				CODE_SIGN_STYLE = Automatic;
				CURRENT_PROJECT_VERSION = 1;
				DEVELOPMENT_TEAM = Z64L7GR687;
				GENERATE_INFOPLIST_FILE = YES;
				IPHONEOS_DEPLOYMENT_TARGET = 17.5;
				MARKETING_VERSION = 1.0;
				PRODUCT_BUNDLE_IDENTIFIER = com.richies3d.WheelNGTests;
				PRODUCT_NAME = "$(TARGET_NAME)";
				SWIFT_EMIT_LOC_STRINGS = NO;
				SWIFT_VERSION = 5.0;
				TARGETED_DEVICE_FAMILY = "1,2";
				TEST_HOST = "$(BUILT_PRODUCTS_DIR)/WheelNG.app/$(BUNDLE_EXECUTABLE_FOLDER_PATH)/WheelNG";
			};
			name = Release;
		};
		3539B9F12C789EE4002FBFCE /* Debug */ = {
			isa = XCBuildConfiguration;
			buildSettings = {
				ALWAYS_EMBED_SWIFT_STANDARD_LIBRARIES = YES;
				CODE_SIGN_STYLE = Automatic;
				CURRENT_PROJECT_VERSION = 1;
				DEVELOPMENT_TEAM = Z64L7GR687;
				GENERATE_INFOPLIST_FILE = YES;
				MARKETING_VERSION = 1.0;
				PRODUCT_BUNDLE_IDENTIFIER = com.richies3d.WheelNGUITests;
				PRODUCT_NAME = "$(TARGET_NAME)";
				SWIFT_EMIT_LOC_STRINGS = NO;
				SWIFT_VERSION = 5.0;
				TARGETED_DEVICE_FAMILY = "1,2";
				TEST_TARGET_NAME = WheelNG;
			};
			name = Debug;
		};
		3539B9F22C789EE4002FBFCE /* Release */ = {
			isa = XCBuildConfiguration;
			buildSettings = {
				ALWAYS_EMBED_SWIFT_STANDARD_LIBRARIES = YES;
				CODE_SIGN_STYLE = Automatic;
				CURRENT_PROJECT_VERSION = 1;
				DEVELOPMENT_TEAM = Z64L7GR687;
				GENERATE_INFOPLIST_FILE = YES;
				MARKETING_VERSION = 1.0;
				PRODUCT_BUNDLE_IDENTIFIER = com.richies3d.WheelNGUITests;
				PRODUCT_NAME = "$(TARGET_NAME)";
				SWIFT_EMIT_LOC_STRINGS = NO;
				SWIFT_VERSION = 5.0;
				TARGETED_DEVICE_FAMILY = "1,2";
				TEST_TARGET_NAME = WheelNG;
			};
			name = Release;
		};
/* End XCBuildConfiguration section */

/* Begin XCConfigurationList section */
		3539B9C12C789EE3002FBFCE /* Build configuration list for PBXProject "WheelNG" */ = {
			isa = XCConfigurationList;
			buildConfigurations = (
				3539B9E82C789EE4002FBFCE /* Debug */,
				3539B9E92C789EE4002FBFCE /* Release */,
			);
			defaultConfigurationIsVisible = 0;
			defaultConfigurationName = Release;
		};
		3539B9EA2C789EE4002FBFCE /* Build configuration list for PBXNativeTarget "WheelNG" */ = {
			isa = XCConfigurationList;
			buildConfigurations = (
				3539B9EB2C789EE4002FBFCE /* Debug */,
				3539B9EC2C789EE4002FBFCE /* Release */,
			);
			defaultConfigurationIsVisible = 0;
			defaultConfigurationName = Release;
		};
		3539B9ED2C789EE4002FBFCE /* Build configuration list for PBXNativeTarget "WheelNGTests" */ = {
			isa = XCConfigurationList;
			buildConfigurations = (
				3539B9EE2C789EE4002FBFCE /* Debug */,
				3539B9EF2C789EE4002FBFCE /* Release */,
			);
			defaultConfigurationIsVisible = 0;
			defaultConfigurationName = Release;
		};
		3539B9F02C789EE4002FBFCE /* Build configuration list for PBXNativeTarget "WheelNGUITests" */ = {
			isa = XCConfigurationList;
			buildConfigurations = (
				3539B9F12C789EE4002FBFCE /* Debug */,
				3539B9F22C789EE4002FBFCE /* Release */,
			);
			defaultConfigurationIsVisible = 0;
			defaultConfigurationName = Release;
		};
/* End XCConfigurationList section */
	};
	rootObject = 3539B9BE2C789EE3002FBFCE /* Project object */;
}
